PODS:
  - Kingfisher (7.1.1)
  - SnapKit (5.0.1)

DEPENDENCIES:
  - Kingfisher (~> 7.0)
  - SnapKit (~> 5.0.0)

SPEC REPOS:
  trunk:
    - Kingfisher
    - SnapKit

SPEC CHECKSUMS:
  Kingfisher: f738f9c4a3415823b8e2985d10aa2d6a9f37bc4d
  SnapKit: 97b92857e3df3a0c71833cce143274bf6ef8e5eb

PODFILE CHECKSUM: 8fe21b0a09f1d77857757b3abc47a86bcf5f7320

COCOAPODS: 1.11.2
